// !$*UTF8*$!
{
	archiveVersion = 1;
	classes = {
	};
	objectVersion = 46;
	objects = {

/* Begin PBXBuildFile section */
		537B840B1B1F10A50005E416 /* lib_login.h in CopyFiles */ = {isa = PBXBuildFile; fileRef = 537B840A1B1F10A50005E416 /* lib_login.h */; };
		537B840D1B1F10A50005E416 /* lib_login.m in Sources */ = {isa = PBXBuildFile; fileRef = 537B840C1B1F10A50005E416 /* lib_login.m */; };
		537B84131B1F10A50005E416 /* liblib_login.a in Frameworks */ = {isa = PBXBuildFile; fileRef = 537B84071B1F10A50005E416 /* liblib_login.a */; };
/* End PBXBuildFile section */

/* Begin PBXContainerItemProxy section */
		537B84141B1F10A50005E416 /* PBXContainerItemProxy */ = {
			isa = PBXContainerItemProxy;
			containerPortal = 537B83FF1B1F10A50005E416 /* Project object */;
			proxyType = 1;
			remoteGlobalIDString = 537B84061B1F10A50005E416;
			remoteInfo = lib_login;
		};
/* End PBXContainerItemProxy section */

/* Begin PBXCopyFilesBuildPhase section */
		537B84051B1F10A50005E416 /* CopyFiles */ = {
			isa = PBXCopyFilesBuildPhase;
			buildActionMask = 2147483647;
			dstPath = "include/$(PRODUCT_NAME)";
			dstSubfolderSpec = 16;
			files = (
				537B840B1B1F10A50005E416 /* lib_login.h in CopyFiles */,
			);
			runOnlyForDeploymentPostprocessing = 0;
		};
/* End PBXCopyFilesBuildPhase section */

/* Begin PBXFileReference section */
		537B84071B1F10A50005E416 /* liblib_login.a */ = {isa = PBXFileReference; explicitFileType = archive.ar; includeInIndex = 0; path = liblib_login.a; sourceTree = BUILT_PRODUCTS_DIR; };
		537B840A1B1F10A50005E416 /* lib_login.h */ = {isa = PBXFileReference; lastKnownFileType = sourcecode.c.h; path = lib_login.h; sourceTree = "<group>"; };
		537B840C1B1F10A50005E416 /* lib_login.m */ = {isa = PBXFileReference; lastKnownFileType = sourcecode.c.objc; path = lib_login.m; sourceTree = "<group>"; };
		537B84121B1F10A50005E416 /* lib_loginTests.xctest */ = {isa = PBXFileReference; explicitFileType = wrapper.cfbundle; includeInIndex = 0; path = lib_loginTests.xctest; sourceTree = BUILT_PRODUCTS_DIR; };
		537B84181B1F10A50005E416 /* Info.plist */ = {isa = PBXFileReference; lastKnownFileType = text.plist.xml; path = Info.plist; sourceTree = "<group>"; };
/* End PBXFileReference section */

/* Begin PBXFrameworksBuildPhase section */
		537B84041B1F10A50005E416 /* Frameworks */ = {
			isa = PBXFrameworksBuildPhase;
			buildActionMask = 2147483647;
			files = (
			);
			runOnlyForDeploymentPostprocessing = 0;
		};
		537B840F1B1F10A50005E416 /* Frameworks */ = {
			isa = PBXFrameworksBuildPhase;
			buildActionMask = 2147483647;
			files = (
				537B84131B1F10A50005E416 /* liblib_login.a in Frameworks */,
			);
			runOnlyForDeploymentPostprocessing = 0;
		};
/* End PBXFrameworksBuildPhase section */

/* Begin PBXGroup section */
		537B83FE1B1F10A50005E416 = {
			isa = PBXGroup;
			children = (
				537B84091B1F10A50005E416 /* lib_login */,
				537B84161B1F10A50005E416 /* lib_loginTests */,
				537B84081B1F10A50005E416 /* Products */,
			);
			sourceTree = "<group>";
		};
		537B84081B1F10A50005E416 /* Products */ = {
			isa = PBXGroup;
			children = (
				537B84071B1F10A50005E416 /* liblib_login.a */,
				537B84121B1F10A50005E416 /* lib_loginTests.xctest */,
			);
			name = Products;
			sourceTree = "<group>";
		};
		537B84091B1F10A50005E416 /* lib_login */ = {
			isa = PBXGroup;
			children = (
				537B840A1B1F10A50005E416 /* lib_login.h */,
				537B840C1B1F10A50005E416 /* lib_login.m */,
			);
			path = lib_login;
			sourceTree = "<group>";
		};
		537B84161B1F10A50005E416 /* lib_loginTests */ = {
			isa = PBXGroup;
			children = (
				537B84171B1F10A50005E416 /* Supporting Files */,
			);
			path = lib_loginTests;
			sourceTree = "<group>";
		};
		537B84171B1F10A50005E416 /* Supporting Files */ = {
			isa = PBXGroup;
			children = (
				537B84181B1F10A50005E416 /* Info.plist */,
			);
			name = "Supporting Files";
			sourceTree = "<group>";
		};
/* End PBXGroup section */

/* Begin PBXNativeTarget section */
		537B84061B1F10A50005E416 /* lib_login */ = {
			isa = PBXNativeTarget;
			buildConfigurationList = 537B841B1B1F10A50005E416 /* Build configuration list for PBXNativeTarget "lib_login" */;
			buildPhases = (
				537B84031B1F10A50005E416 /* Sources */,
				537B84041B1F10A50005E416 /* Frameworks */,
				537B84051B1F10A50005E416 /* CopyFiles */,
			);
			buildRules = (
			);
			dependencies = (
			);
			name = lib_login;
			productName = lib_login;
			productReference = 537B84071B1F10A50005E416 /* liblib_login.a */;
			productType = "com.apple.product-type.library.static";
		};
		537B84111B1F10A50005E416 /* lib_loginTests */ = {
			isa = PBXNativeTarget;
			buildConfigurationList = 537B841E1B1F10A50005E416 /* Build configuration list for PBXNativeTarget "lib_loginTests" */;
			buildPhases = (
				537B840E1B1F10A50005E416 /* Sources */,
				537B840F1B1F10A50005E416 /* Frameworks */,
				537B84101B1F10A50005E416 /* Resources */,
			);
			buildRules = (
			);
			dependencies = (
				537B84151B1F10A50005E416 /* PBXTargetDependency */,
			);
			name = lib_loginTests;
			productName = lib_loginTests;
			productReference = 537B84121B1F10A50005E416 /* lib_loginTests.xctest */;
			productType = "com.apple.product-type.bundle.unit-test";
		};
/* End PBXNativeTarget section */

/* Begin PBXProject section */
		537B83FF1B1F10A50005E416 /* Project object */ = {
			isa = PBXProject;
			attributes = {
				LastUpgradeCheck = 0630;
				ORGANIZATIONNAME = "Rafael Calvillo Sanchez";
				TargetAttributes = {
					537B84061B1F10A50005E416 = {
						CreatedOnToolsVersion = 6.3.2;
					};
					537B84111B1F10A50005E416 = {
						CreatedOnToolsVersion = 6.3.2;
					};
				};
			};
			buildConfigurationList = 537B84021B1F10A50005E416 /* Build configuration list for PBXProject "lib_login" */;
			compatibilityVersion = "Xcode 3.2";
			developmentRegion = English;
			hasScannedForEncodings = 0;
			knownRegions = (
				en,
			);
			mainGroup = 537B83FE1B1F10A50005E416;
			productRefGroup = 537B84081B1F10A50005E416 /* Products */;
			projectDirPath = "";
			projectRoot = "";
			targets = (
				537B84061B1F10A50005E416 /* lib_login */,
				537B84111B1F10A50005E416 /* lib_loginTests */,
			);
		};
/* End PBXProject section */

/* Begin PBXResourcesBuildPhase section */
		537B84101B1F10A50005E416 /* Resources */ = {
			isa = PBXResourcesBuildPhase;
			buildActionMask = 2147483647;
			files = (
			);
			runOnlyForDeploymentPostprocessing = 0;
		};
/* End PBXResourcesBuildPhase section */

/* Begin PBXSourcesBuildPhase section */
		537B84031B1F10A50005E416 /* Sources */ = {
			isa = PBXSourcesBuildPhase;
			buildActionMask = 2147483647;
			files = (
				537B840D1B1F10A50005E416 /* lib_login.m in Sources */,
			);
			runOnlyForDeploymentPostprocessing = 0;
		};
		537B840E1B1F10A50005E416 /* Sources */ = {
			isa = PBXSourcesBuildPhase;
			buildActionMask = 2147483647;
			files = (
			);
			runOnlyForDeploymentPostprocessing = 0;
		};
/* End PBXSourcesBuildPhase section */

/* Begin PBXTargetDependency section */
		537B84151B1F10A50005E416 /* PBXTargetDependency */ = {
			isa = PBXTargetDependency;
			target = 537B84061B1F10A50005E416 /* lib_login */;
			targetProxy = 537B84141B1F10A50005E416 /* PBXContainerItemProxy */;
		};
/* End PBXTargetDependency section */

/* Begin XCBuildConfiguration section */
		537B84191B1F10A50005E416 /* Debug */ = {
			isa = XCBuildConfiguration;
			buildSettings = {
				ALWAYS_SEARCH_USER_PATHS = NO;
				CLANG_CXX_LANGUAGE_STANDARD = "gnu++0x";
				CLANG_CXX_LIBRARY = "libc++";
				CLANG_ENABLE_MODULES = YES;
				CLANG_ENABLE_OBJC_ARC = YES;
				CLANG_WARN_BOOL_CONVERSION = YES;
				CLANG_WARN_CONSTANT_CONVERSION = YES;
				CLANG_WARN_DIRECT_OBJC_ISA_USAGE = YES_ERROR;
				CLANG_WARN_EMPTY_BODY = YES;
				CLANG_WARN_ENUM_CONVERSION = YES;
				CLANG_WARN_INT_CONVERSION = YES;
				CLANG_WARN_OBJC_ROOT_CLASS = YES_ERROR;
				CLANG_WARN_UNREACHABLE_CODE = YES;
				CLANG_WARN__DUPLICATE_METHOD_MATCH = YES;
				COPY_PHASE_STRIP = NO;
				DEBUG_INFORMATION_FORMAT = "dwarf-with-dsym";
				ENABLE_STRICT_OBJC_MSGSEND = YES;
				GCC_C_LANGUAGE_STANDARD = gnu99;
				GCC_DYNAMIC_NO_PIC = NO;
				GCC_NO_COMMON_BLOCKS = YES;
				GCC_OPTIMIZATION_LEVEL = 0;
				GCC_PREPROCESSOR_DEFINITIONS = (
					"DEBUG=1",
					"$(inherited)",
				);
				GCC_SYMBOLS_PRIVATE_EXTERN = NO;
				GCC_WARN_64_TO_32_BIT_CONVERSION = YES;
				GCC_WARN_ABOUT_RETURN_TYPE = YES_ERROR;
				GCC_WARN_UNDECLARED_SELECTOR = YES;
				GCC_WARN_UNINITIALIZED_AUTOS = YES_AGGRESSIVE;
				GCC_WARN_UNUSED_FUNCTION = YES;
				GCC_WARN_UNUSED_VARIABLE = YES;
				IPHONEOS_DEPLOYMENT_TARGET = 8.3;
				MTL_ENABLE_DEBUG_INFO = YES;
				ONLY_ACTIVE_ARCH = YES;
				SDKROOT = iphoneos;
			};
			name = Debug;
		};
		537B841A1B1F10A50005E416 /* Release */ = {
			isa = XCBuildConfiguration;
			buildSettings = {
				ALWAYS_SEARCH_USER_PATHS = NO;
				CLANG_CXX_LANGUAGE_STANDARD = "gnu++0x";
				CLANG_CXX_LIBRARY = "libc++";
				CLANG_ENABLE_MODULES = YES;
				CLANG_ENABLE_OBJC_ARC = YES;
				CLANG_WARN_BOOL_CONVERSION = YES;
				CLANG_WARN_CONSTANT_CONVERSION = YES;
				CLANG_WARN_DIRECT_OBJC_ISA_USAGE = YES_ERROR;
				CLANG_WARN_EMPTY_BODY = YES;
				CLANG_WARN_ENUM_CONVERSION = YES;
				CLANG_WARN_INT_CONVERSION = YES;
				CLANG_WARN_OBJC_ROOT_CLASS = YES_ERROR;
				CLANG_WARN_UNREACHABLE_CODE = YES;
				CLANG_WARN__DUPLICATE_METHOD_MATCH = YES;
				COPY_PHASE_STRIP = NO;
				DEBUG_INFORMATION_FORMAT = "dwarf-with-dsym";
				ENABLE_NS_ASSERTIONS = NO;
				ENABLE_STRICT_OBJC_MSGSEND = YES;
				GCC_C_LANGUAGE_STANDARD = gnu99;
				GCC_NO_COMMON_BLOCKS = YES;
				GCC_WARN_64_TO_32_BIT_CONVERSION = YES;
				GCC_WARN_ABOUT_RETURN_TYPE = YES_ERROR;
				GCC_WARN_UNDECLARED_SELECTOR = YES;
				GCC_WARN_UNINITIALIZED_AUTOS = YES_AGGRESSIVE;
				GCC_WARN_UNUSED_FUNCTION = YES;
				GCC_WARN_UNUSED_VARIABLE = YES;
				IPHONEOS_DEPLOYMENT_TARGET = 8.3;
				MTL_ENABLE_DEBUG_INFO = NO;
				SDKROOT = iphoneos;
				VALIDATE_PRODUCT = YES;
			};
			name = Release;
		};
		537B841C1B1F10A50005E416 /* Debug */ = {
			isa = XCBuildConfiguration;
			buildSettings = {
				OTHER_LDFLAGS = "-ObjC";
				PRODUCT_NAME = "$(TARGET_NAME)";
				SKIP_INSTALL = YES;
			};
			name = Debug;
		};
		537B841D1B1F10A50005E416 /* Release */ = {
			isa = XCBuildConfiguration;
			buildSettings = {
				OTHER_LDFLAGS = "-ObjC";
				PRODUCT_NAME = "$(TARGET_NAME)";
				SKIP_INSTALL = YES;
			};
			name = Release;
		};
		537B841F1B1F10A50005E416 /* Debug */ = {
			isa = XCBuildConfiguration;
			buildSettings = {
				"CODE_SIGN_IDENTITY[sdk=iphoneos*]" = "iPhone Developer";
				FRAMEWORK_SEARCH_PATHS = (
					"$(SDKROOT)/Developer/Library/Frameworks",
					"$(inherited)",
				);
				GCC_PREPROCESSOR_DEFINITIONS = (
					"DEBUG=1",
					"$(inherited)",
				);
				INFOPLIST_FILE = lib_loginTests/Info.plist;
				LD_RUNPATH_SEARCH_PATHS = "$(inherited) @executable_path/Frameworks @loader_path/Frameworks";
				PRODUCT_NAME = "$(TARGET_NAME)";
			};
			name = Debug;
		};
		537B84201B1F10A50005E416 /* Release */ = {
			isa = XCBuildConfiguration;
			buildSettings = {
				"CODE_SIGN_IDENTITY[sdk=iphoneos*]" = "iPhone Developer";
				FRAMEWORK_SEARCH_PATHS = (
					"$(SDKROOT)/Developer/Library/Frameworks",
					"$(inherited)",
				);
				INFOPLIST_FILE = lib_loginTests/Info.plist;
				LD_RUNPATH_SEARCH_PATHS = "$(inherited) @executable_path/Frameworks @loader_path/Frameworks";
				PRODUCT_NAME = "$(TARGET_NAME)";
			};
			name = Release;
		};
/* End XCBuildConfiguration section */

/* Begin XCConfigurationList section */
		537B84021B1F10A50005E416 /* Build configuration list for PBXProject "lib_login" */ = {
			isa = XCConfigurationList;
			buildConfigurations = (
				537B84191B1F10A50005E416 /* Debug */,
				537B841A1B1F10A50005E416 /* Release */,
			);
			defaultConfigurationIsVisible = 0;
			defaultConfigurationName = Release;
		};
		537B841B1B1F10A50005E416 /* Build configuration list for PBXNativeTarget "lib_login" */ = {
			isa = XCConfigurationList;
			buildConfigurations = (
				537B841C1B1F10A50005E416 /* Debug */,
				537B841D1B1F10A50005E416 /* Release */,
			);
			defaultConfigurationIsVisible = 0;
		};
		537B841E1B1F10A50005E416 /* Build configuration list for PBXNativeTarget "lib_loginTests" */ = {
			isa = XCConfigurationList;
			buildConfigurations = (
				537B841F1B1F10A50005E416 /* Debug */,
				537B84201B1F10A50005E416 /* Release */,
			);
			defaultConfigurationIsVisible = 0;
		};
/* End XCConfigurationList section */
	};
	rootObject = 537B83FF1B1F10A50005E416 /* Project object */;
}
